
Microsoft Visual Studio Solution File, Format Version 12.00
# Visual Studio 14
VisualStudioVersion = 14.0.25420.1
MinimumVisualStudioVersion = 10.0.40219.1
Project("{2150E333-8FDC-42A3-9474-1A3956D46DE8}") = "01. Core", "01. Core", "{29CB3BB6-40FC-4D1F-9895-5CB8EFD15C1E}"
EndProject
Project("{2150E333-8FDC-42A3-9474-1A3956D46DE8}") = "02. Infrastructure", "02. Infrastructure", "{A977B948-5610-4C47-A980-67FD5395274C}"
EndProject
Project("{2150E333-8FDC-42A3-9474-1A3956D46DE8}") = "03. API", "03. API", "{047E41C3-BEAB-453A-B3B3-A35B48E11392}"
EndProject
Project("{2150E333-8FDC-42A3-9474-1A3956D46DE8}") = "04. Test", "04. Test", "{4491FAAA-B762-4CED-8B55-09D6954447A2}"
EndProject
Project("{FAE04EC0-301F-11D3-BF4B-00C04F79EFBC}") = "MANOR.Core", "MANOR.Core\MANOR.Core.csproj", "{BFE477A1-B081-4F47-80D6-E54E2A45AB7D}"
EndProject
Project("{FAE04EC0-301F-11D3-BF4B-00C04F79EFBC}") = "MANOR.Infrastructure", "MANOR.Infrastructure\MANOR.Infrastructure.csproj", "{9675F229-1BB6-4F2D-9807-6EBBEF0B94E6}"
EndProject
Project("{FAE04EC0-301F-11D3-BF4B-00C04F79EFBC}") = "MANOR.Infrastructure.DependencyResolution", "MANOR.Infrastructure.DependencyResolution\MANOR.Infrastructure.DependencyResolution.csproj", "{C91FD9DF-C261-4121-A852-F8275C5EFA31}"
EndProject
Project("{FAE04EC0-301F-11D3-BF4B-00C04F79EFBC}") = "MANOR.TDD", "MANOR.TDD\MANOR.TDD.csproj", "{F9888592-DC2E-4C35-ADC9-8A768F702664}"
EndProject
Project("{FAE04EC0-301F-11D3-BF4B-00C04F79EFBC}") = "MANOR.UnitTest", "MANOR.UnitTest\MANOR.UnitTest.csproj", "{953068F7-C2D0-435F-9885-C72E0E8FD568}"
EndProject
Project("{FAE04EC0-301F-11D3-BF4B-00C04F79EFBC}") = "MANOR.API", "MANOR.API\MANOR.API.csproj", "{181A2A5A-DE2E-4A5F-9ADB-B68D40B35183}"
EndProject
Global
	GlobalSection(SolutionConfigurationPlatforms) = preSolution
		Debug|Any CPU = Debug|Any CPU
		Release|Any CPU = Release|Any CPU
	EndGlobalSection
	GlobalSection(ProjectConfigurationPlatforms) = postSolution
		{BFE477A1-B081-4F47-80D6-E54E2A45AB7D}.Debug|Any CPU.ActiveCfg = Debug|Any CPU
		{BFE477A1-B081-4F47-80D6-E54E2A45AB7D}.Debug|Any CPU.Build.0 = Debug|Any CPU
		{BFE477A1-B081-4F47-80D6-E54E2A45AB7D}.Release|Any CPU.ActiveCfg = Release|Any CPU
		{BFE477A1-B081-4F47-80D6-E54E2A45AB7D}.Release|Any CPU.Build.0 = Release|Any CPU
		{9675F229-1BB6-4F2D-9807-6EBBEF0B94E6}.Debug|Any CPU.ActiveCfg = Debug|Any CPU
		{9675F229-1BB6-4F2D-9807-6EBBEF0B94E6}.Debug|Any CPU.Build.0 = Debug|Any CPU
		{9675F229-1BB6-4F2D-9807-6EBBEF0B94E6}.Release|Any CPU.ActiveCfg = Release|Any CPU
		{9675F229-1BB6-4F2D-9807-6EBBEF0B94E6}.Release|Any CPU.Build.0 = Release|Any CPU
		{C91FD9DF-C261-4121-A852-F8275C5EFA31}.Debug|Any CPU.ActiveCfg = Debug|Any CPU
		{C91FD9DF-C261-4121-A852-F8275C5EFA31}.Debug|Any CPU.Build.0 = Debug|Any CPU
		{C91FD9DF-C261-4121-A852-F8275C5EFA31}.Release|Any CPU.ActiveCfg = Release|Any CPU
		{C91FD9DF-C261-4121-A852-F8275C5EFA31}.Release|Any CPU.Build.0 = Release|Any CPU
		{F9888592-DC2E-4C35-ADC9-8A768F702664}.Debug|Any CPU.ActiveCfg = Debug|Any CPU
		{F9888592-DC2E-4C35-ADC9-8A768F702664}.Debug|Any CPU.Build.0 = Debug|Any CPU
		{F9888592-DC2E-4C35-ADC9-8A768F702664}.Release|Any CPU.ActiveCfg = Release|Any CPU
		{F9888592-DC2E-4C35-ADC9-8A768F702664}.Release|Any CPU.Build.0 = Release|Any CPU
		{953068F7-C2D0-435F-9885-C72E0E8FD568}.Debug|Any CPU.ActiveCfg = Debug|Any CPU
		{953068F7-C2D0-435F-9885-C72E0E8FD568}.Debug|Any CPU.Build.0 = Debug|Any CPU
		{953068F7-C2D0-435F-9885-C72E0E8FD568}.Release|Any CPU.ActiveCfg = Release|Any CPU
		{953068F7-C2D0-435F-9885-C72E0E8FD568}.Release|Any CPU.Build.0 = Release|Any CPU
		{181A2A5A-DE2E-4A5F-9ADB-B68D40B35183}.Debug|Any CPU.ActiveCfg = Debug|Any CPU
		{181A2A5A-DE2E-4A5F-9ADB-B68D40B35183}.Debug|Any CPU.Build.0 = Debug|Any CPU
		{181A2A5A-DE2E-4A5F-9ADB-B68D40B35183}.Release|Any CPU.ActiveCfg = Release|Any CPU
		{181A2A5A-DE2E-4A5F-9ADB-B68D40B35183}.Release|Any CPU.Build.0 = Release|Any CPU
	EndGlobalSection
	GlobalSection(SolutionProperties) = preSolution
		HideSolutionNode = FALSE
	EndGlobalSection
	GlobalSection(NestedProjects) = preSolution
		{BFE477A1-B081-4F47-80D6-E54E2A45AB7D} = {29CB3BB6-40FC-4D1F-9895-5CB8EFD15C1E}
		{9675F229-1BB6-4F2D-9807-6EBBEF0B94E6} = {A977B948-5610-4C47-A980-67FD5395274C}
		{C91FD9DF-C261-4121-A852-F8275C5EFA31} = {A977B948-5610-4C47-A980-67FD5395274C}
		{F9888592-DC2E-4C35-ADC9-8A768F702664} = {4491FAAA-B762-4CED-8B55-09D6954447A2}
		{953068F7-C2D0-435F-9885-C72E0E8FD568} = {4491FAAA-B762-4CED-8B55-09D6954447A2}
		{181A2A5A-DE2E-4A5F-9ADB-B68D40B35183} = {047E41C3-BEAB-453A-B3B3-A35B48E11392}
	EndGlobalSection
EndGlobal
